// !$*UTF8*$!
{
	archiveVersion = 1;
	classes = {
	};
	objectVersion = 77;
	objects = {

/* Begin PBXBuildFile section */
		2C079A5C2DAF9F7F00B1EE0D /* Run_MileApp.swift in Sources */ = {isa = PBXBuildFile; fileRef = 2C079A562DAF9F7F00B1EE0D /* Run_MileApp.swift */; };
		2C079FBF2DB2505700B1EE0D /* RealmSwift in Frameworks */ = {isa = PBXBuildFile; productRef = 2C079FBE2DB2505700B1EE0D /* RealmSwift */; };
		2C079FC02DB2507700B1EE0D /* RealmSwift in Embed Frameworks */ = {isa = PBXBuildFile; productRef = 2C079FBE2DB2505700B1EE0D /* RealmSwift */; settings = {ATTRIBUTES = (CodeSignOnCopy, ); }; };
		2CE46E212DAE78D7008C6FBC /* .gitignore in Resources */ = {isa = PBXBuildFile; fileRef = 2CE46E202DAE78D7008C6FBC /* .gitignore */; };
/* End PBXBuildFile section */

/* Begin PBXContainerItemProxy section */
		2CE46E012DAE7782008C6FBC /* PBXContainerItemProxy */ = {
			isa = PBXContainerItemProxy;
			containerPortal = 2CE46DEB2DAE7780008C6FBC /* Project object */;
			proxyType = 1;
			remoteGlobalIDString = 2CE46DF22DAE7780008C6FBC;
			remoteInfo = "Run Mile";
		};
		2CE46E0B2DAE7782008C6FBC /* PBXContainerItemProxy */ = {
			isa = PBXContainerItemProxy;
			containerPortal = 2CE46DEB2DAE7780008C6FBC /* Project object */;
			proxyType = 1;
			remoteGlobalIDString = 2CE46DF22DAE7780008C6FBC;
			remoteInfo = "Run Mile";
		};
/* End PBXContainerItemProxy section */

/* Begin PBXCopyFilesBuildPhase section */
		2C079FC12DB2507700B1EE0D /* Embed Frameworks */ = {
			isa = PBXCopyFilesBuildPhase;
			buildActionMask = 2147483647;
			dstPath = "";
			dstSubfolderSpec = 10;
			files = (
				2C079FC02DB2507700B1EE0D /* RealmSwift in Embed Frameworks */,
			);
			name = "Embed Frameworks";
			runOnlyForDeploymentPostprocessing = 0;
		};
/* End PBXCopyFilesBuildPhase section */

/* Begin PBXFileReference section */
		2C079A562DAF9F7F00B1EE0D /* Run_MileApp.swift */ = {isa = PBXFileReference; lastKnownFileType = sourcecode.swift; path = Run_MileApp.swift; sourceTree = "<group>"; };
		2C7633922E0049A30005D988 /* README.md */ = {isa = PBXFileReference; lastKnownFileType = net.daringfireball.markdown; path = README.md; sourceTree = "<group>"; };
		2C7635B02E0051AD0005D988 /* Gemfile */ = {isa = PBXFileReference; lastKnownFileType = text; path = Gemfile; sourceTree = "<group>"; };
		2C7635B12E0051AD0005D988 /* Gemfile.lock */ = {isa = PBXFileReference; lastKnownFileType = text; path = Gemfile.lock; sourceTree = "<group>"; };
		2CE46DF32DAE7780008C6FBC /* Run Mile.app */ = {isa = PBXFileReference; explicitFileType = wrapper.application; includeInIndex = 0; path = "Run Mile.app"; sourceTree = BUILT_PRODUCTS_DIR; };
		2CE46E002DAE7782008C6FBC /* Run MileTests.xctest */ = {isa = PBXFileReference; explicitFileType = wrapper.cfbundle; includeInIndex = 0; path = "Run MileTests.xctest"; sourceTree = BUILT_PRODUCTS_DIR; };
		2CE46E0A2DAE7782008C6FBC /* Run MileUITests.xctest */ = {isa = PBXFileReference; explicitFileType = wrapper.cfbundle; includeInIndex = 0; path = "Run MileUITests.xctest"; sourceTree = BUILT_PRODUCTS_DIR; };
		2CE46E202DAE78D7008C6FBC /* .gitignore */ = {isa = PBXFileReference; lastKnownFileType = text; path = .gitignore; sourceTree = "<group>"; };
		2CF57F5B2DF9483100F59463 /* PrivacyPolicy.md */ = {isa = PBXFileReference; lastKnownFileType = net.daringfireball.markdown; path = PrivacyPolicy.md; sourceTree = "<group>"; };
/* End PBXFileReference section */

/* Begin PBXFileSystemSynchronizedRootGroup section */
		2C7635AF2E0051AD0005D988 /* fastlane */ = {
			isa = PBXFileSystemSynchronizedRootGroup;
			path = fastlane;
			sourceTree = "<group>";
		};
		2CE46DF52DAE7780008C6FBC /* Run Mile */ = {
			isa = PBXFileSystemSynchronizedRootGroup;
			path = "Run Mile";
			sourceTree = "<group>";
		};
		2CE46E032DAE7782008C6FBC /* Run MileTests */ = {
			isa = PBXFileSystemSynchronizedRootGroup;
			path = "Run MileTests";
			sourceTree = "<group>";
		};
		2CE46E0D2DAE7782008C6FBC /* Run MileUITests */ = {
			isa = PBXFileSystemSynchronizedRootGroup;
			path = "Run MileUITests";
			sourceTree = "<group>";
		};
/* End PBXFileSystemSynchronizedRootGroup section */

/* Begin PBXFrameworksBuildPhase section */
		2CE46DF02DAE7780008C6FBC /* Frameworks */ = {
			isa = PBXFrameworksBuildPhase;
			buildActionMask = 2147483647;
			files = (
				2C079FBF2DB2505700B1EE0D /* RealmSwift in Frameworks */,
			);
			runOnlyForDeploymentPostprocessing = 0;
		};
		2CE46DFD2DAE7782008C6FBC /* Frameworks */ = {
			isa = PBXFrameworksBuildPhase;
			buildActionMask = 2147483647;
			files = (
			);
			runOnlyForDeploymentPostprocessing = 0;
		};
		2CE46E072DAE7782008C6FBC /* Frameworks */ = {
			isa = PBXFrameworksBuildPhase;
			buildActionMask = 2147483647;
			files = (
			);
			runOnlyForDeploymentPostprocessing = 0;
		};
/* End PBXFrameworksBuildPhase section */

/* Begin PBXGroup section */
		2CE46DEA2DAE7780008C6FBC = {
			isa = PBXGroup;
			children = (
				2C7635AF2E0051AD0005D988 /* fastlane */,
				2C7635B02E0051AD0005D988 /* Gemfile */,
				2C7635B12E0051AD0005D988 /* Gemfile.lock */,
				2C7633922E0049A30005D988 /* README.md */,
				2CF57F5B2DF9483100F59463 /* PrivacyPolicy.md */,
				2C079A562DAF9F7F00B1EE0D /* Run_MileApp.swift */,
				2CE46E202DAE78D7008C6FBC /* .gitignore */,
				2CE46DF52DAE7780008C6FBC /* Run Mile */,
				2CE46E032DAE7782008C6FBC /* Run MileTests */,
				2CE46E0D2DAE7782008C6FBC /* Run MileUITests */,
				2CE46DF42DAE7780008C6FBC /* Products */,
			);
			sourceTree = "<group>";
		};
		2CE46DF42DAE7780008C6FBC /* Products */ = {
			isa = PBXGroup;
			children = (
				2CE46DF32DAE7780008C6FBC /* Run Mile.app */,
				2CE46E002DAE7782008C6FBC /* Run MileTests.xctest */,
				2CE46E0A2DAE7782008C6FBC /* Run MileUITests.xctest */,
			);
			name = Products;
			sourceTree = "<group>";
		};
/* End PBXGroup section */

/* Begin PBXNativeTarget section */
		2CE46DF22DAE7780008C6FBC /* Run Mile */ = {
			isa = PBXNativeTarget;
			buildConfigurationList = 2CE46E142DAE7782008C6FBC /* Build configuration list for PBXNativeTarget "Run Mile" */;
			buildPhases = (
				2CE46DEF2DAE7780008C6FBC /* Sources */,
				2CE46DF02DAE7780008C6FBC /* Frameworks */,
				2CE46DF12DAE7780008C6FBC /* Resources */,
				2C079FC12DB2507700B1EE0D /* Embed Frameworks */,
			);
			buildRules = (
			);
			dependencies = (
			);
			fileSystemSynchronizedGroups = (
				2CE46DF52DAE7780008C6FBC /* Run Mile */,
			);
			name = "Run Mile";
			packageProductDependencies = (
				2C079FBE2DB2505700B1EE0D /* RealmSwift */,
			);
			productName = "Run Mile";
			productReference = 2CE46DF32DAE7780008C6FBC /* Run Mile.app */;
			productType = "com.apple.product-type.application";
		};
		2CE46DFF2DAE7782008C6FBC /* Run MileTests */ = {
			isa = PBXNativeTarget;
			buildConfigurationList = 2CE46E172DAE7782008C6FBC /* Build configuration list for PBXNativeTarget "Run MileTests" */;
			buildPhases = (
				2CE46DFC2DAE7782008C6FBC /* Sources */,
				2CE46DFD2DAE7782008C6FBC /* Frameworks */,
				2CE46DFE2DAE7782008C6FBC /* Resources */,
			);
			buildRules = (
			);
			dependencies = (
				2CE46E022DAE7782008C6FBC /* PBXTargetDependency */,
			);
			fileSystemSynchronizedGroups = (
				2CE46E032DAE7782008C6FBC /* Run MileTests */,
			);
			name = "Run MileTests";
			packageProductDependencies = (
			);
			productName = "Run MileTests";
			productReference = 2CE46E002DAE7782008C6FBC /* Run MileTests.xctest */;
			productType = "com.apple.product-type.bundle.unit-test";
		};
		2CE46E092DAE7782008C6FBC /* Run MileUITests */ = {
			isa = PBXNativeTarget;
			buildConfigurationList = 2CE46E1A2DAE7782008C6FBC /* Build configuration list for PBXNativeTarget "Run MileUITests" */;
			buildPhases = (
				2CE46E062DAE7782008C6FBC /* Sources */,
				2CE46E072DAE7782008C6FBC /* Frameworks */,
				2CE46E082DAE7782008C6FBC /* Resources */,
			);
			buildRules = (
			);
			dependencies = (
				2CE46E0C2DAE7782008C6FBC /* PBXTargetDependency */,
			);
			fileSystemSynchronizedGroups = (
				2CE46E0D2DAE7782008C6FBC /* Run MileUITests */,
			);
			name = "Run MileUITests";
			packageProductDependencies = (
			);
			productName = "Run MileUITests";
			productReference = 2CE46E0A2DAE7782008C6FBC /* Run MileUITests.xctest */;
			productType = "com.apple.product-type.bundle.ui-testing";
		};
/* End PBXNativeTarget section */

/* Begin PBXProject section */
		2CE46DEB2DAE7780008C6FBC /* Project object */ = {
			isa = PBXProject;
			attributes = {
				BuildIndependentTargetsInParallel = 1;
				LastSwiftUpdateCheck = 1630;
				LastUpgradeCheck = 1630;
				TargetAttributes = {
					2CE46DF22DAE7780008C6FBC = {
						CreatedOnToolsVersion = 16.3;
					};
					2CE46DFF2DAE7782008C6FBC = {
						CreatedOnToolsVersion = 16.3;
						TestTargetID = 2CE46DF22DAE7780008C6FBC;
					};
					2CE46E092DAE7782008C6FBC = {
						CreatedOnToolsVersion = 16.3;
						TestTargetID = 2CE46DF22DAE7780008C6FBC;
					};
				};
			};
			buildConfigurationList = 2CE46DEE2DAE7780008C6FBC /* Build configuration list for PBXProject "Run Mile" */;
			developmentRegion = en;
			hasScannedForEncodings = 0;
			knownRegions = (
				en,
				Base,
			);
			mainGroup = 2CE46DEA2DAE7780008C6FBC;
			minimizedProjectReferenceProxies = 1;
			packageReferences = (
				2C079FBD2DB2505700B1EE0D /* XCRemoteSwiftPackageReference "realm-swift" */,
			);
			preferredProjectObjectVersion = 77;
			productRefGroup = 2CE46DF42DAE7780008C6FBC /* Products */;
			projectDirPath = "";
			projectRoot = "";
			targets = (
				2CE46DF22DAE7780008C6FBC /* Run Mile */,
				2CE46DFF2DAE7782008C6FBC /* Run MileTests */,
				2CE46E092DAE7782008C6FBC /* Run MileUITests */,
			);
		};
/* End PBXProject section */

/* Begin PBXResourcesBuildPhase section */
		2CE46DF12DAE7780008C6FBC /* Resources */ = {
			isa = PBXResourcesBuildPhase;
			buildActionMask = 2147483647;
			files = (
				2CE46E212DAE78D7008C6FBC /* .gitignore in Resources */,
			);
			runOnlyForDeploymentPostprocessing = 0;
		};
		2CE46DFE2DAE7782008C6FBC /* Resources */ = {
			isa = PBXResourcesBuildPhase;
			buildActionMask = 2147483647;
			files = (
			);
			runOnlyForDeploymentPostprocessing = 0;
		};
		2CE46E082DAE7782008C6FBC /* Resources */ = {
			isa = PBXResourcesBuildPhase;
			buildActionMask = 2147483647;
			files = (
			);
			runOnlyForDeploymentPostprocessing = 0;
		};
/* End PBXResourcesBuildPhase section */

/* Begin PBXSourcesBuildPhase section */
		2CE46DEF2DAE7780008C6FBC /* Sources */ = {
			isa = PBXSourcesBuildPhase;
			buildActionMask = 2147483647;
			files = (
				2C079A5C2DAF9F7F00B1EE0D /* Run_MileApp.swift in Sources */,
			);
			runOnlyForDeploymentPostprocessing = 0;
		};
		2CE46DFC2DAE7782008C6FBC /* Sources */ = {
			isa = PBXSourcesBuildPhase;
			buildActionMask = 2147483647;
			files = (
			);
			runOnlyForDeploymentPostprocessing = 0;
		};
		2CE46E062DAE7782008C6FBC /* Sources */ = {
			isa = PBXSourcesBuildPhase;
			buildActionMask = 2147483647;
			files = (
			);
			runOnlyForDeploymentPostprocessing = 0;
		};
/* End PBXSourcesBuildPhase section */

/* Begin PBXTargetDependency section */
		2CE46E022DAE7782008C6FBC /* PBXTargetDependency */ = {
			isa = PBXTargetDependency;
			target = 2CE46DF22DAE7780008C6FBC /* Run Mile */;
			targetProxy = 2CE46E012DAE7782008C6FBC /* PBXContainerItemProxy */;
		};
		2CE46E0C2DAE7782008C6FBC /* PBXTargetDependency */ = {
			isa = PBXTargetDependency;
			target = 2CE46DF22DAE7780008C6FBC /* Run Mile */;
			targetProxy = 2CE46E0B2DAE7782008C6FBC /* PBXContainerItemProxy */;
		};
/* End PBXTargetDependency section */

/* Begin XCBuildConfiguration section */
		2CE46E122DAE7782008C6FBC /* Debug */ = {
			isa = XCBuildConfiguration;
			buildSettings = {
				ALWAYS_SEARCH_USER_PATHS = NO;
				ASSETCATALOG_COMPILER_GENERATE_SWIFT_ASSET_SYMBOL_EXTENSIONS = YES;
				CLANG_ANALYZER_NONNULL = YES;
				CLANG_ANALYZER_NUMBER_OBJECT_CONVERSION = YES_AGGRESSIVE;
				CLANG_CXX_LANGUAGE_STANDARD = "gnu++20";
				CLANG_ENABLE_MODULES = YES;
				CLANG_ENABLE_OBJC_ARC = YES;
				CLANG_ENABLE_OBJC_WEAK = YES;
				CLANG_WARN_BLOCK_CAPTURE_AUTORELEASING = YES;
				CLANG_WARN_BOOL_CONVERSION = YES;
				CLANG_WARN_COMMA = YES;
				CLANG_WARN_CONSTANT_CONVERSION = YES;
				CLANG_WARN_DEPRECATED_OBJC_IMPLEMENTATIONS = YES;
				CLANG_WARN_DIRECT_OBJC_ISA_USAGE = YES_ERROR;
				CLANG_WARN_DOCUMENTATION_COMMENTS = YES;
				CLANG_WARN_EMPTY_BODY = YES;
				CLANG_WARN_ENUM_CONVERSION = YES;
				CLANG_WARN_INFINITE_RECURSION = YES;
				CLANG_WARN_INT_CONVERSION = YES;
				CLANG_WARN_NON_LITERAL_NULL_CONVERSION = YES;
				CLANG_WARN_OBJC_IMPLICIT_RETAIN_SELF = YES;
				CLANG_WARN_OBJC_LITERAL_CONVERSION = YES;
				CLANG_WARN_OBJC_ROOT_CLASS = YES_ERROR;
				CLANG_WARN_QUOTED_INCLUDE_IN_FRAMEWORK_HEADER = YES;
				CLANG_WARN_RANGE_LOOP_ANALYSIS = YES;
				CLANG_WARN_STRICT_PROTOTYPES = YES;
				CLANG_WARN_SUSPICIOUS_MOVE = YES;
				CLANG_WARN_UNGUARDED_AVAILABILITY = YES_AGGRESSIVE;
				CLANG_WARN_UNREACHABLE_CODE = YES;
				CLANG_WARN__DUPLICATE_METHOD_MATCH = YES;
				COPY_PHASE_STRIP = NO;
				DEBUG_INFORMATION_FORMAT = dwarf;
				DEVELOPMENT_TEAM = VF8R3A969C;
				ENABLE_STRICT_OBJC_MSGSEND = YES;
				ENABLE_TESTABILITY = YES;
				ENABLE_USER_SCRIPT_SANDBOXING = YES;
				GCC_C_LANGUAGE_STANDARD = gnu17;
				GCC_DYNAMIC_NO_PIC = NO;
				GCC_NO_COMMON_BLOCKS = YES;
				GCC_OPTIMIZATION_LEVEL = 0;
				GCC_PREPROCESSOR_DEFINITIONS = (
					"DEBUG=1",
					"$(inherited)",
				);
				GCC_WARN_64_TO_32_BIT_CONVERSION = YES;
				GCC_WARN_ABOUT_RETURN_TYPE = YES_ERROR;
				GCC_WARN_UNDECLARED_SELECTOR = YES;
				GCC_WARN_UNINITIALIZED_AUTOS = YES_AGGRESSIVE;
				GCC_WARN_UNUSED_FUNCTION = YES;
				GCC_WARN_UNUSED_VARIABLE = YES;
				IPHONEOS_DEPLOYMENT_TARGET = 18.4;
				LOCALIZATION_PREFERS_STRING_CATALOGS = YES;
				MTL_ENABLE_DEBUG_INFO = INCLUDE_SOURCE;
				MTL_FAST_MATH = YES;
				ONLY_ACTIVE_ARCH = YES;
				SDKROOT = iphoneos;
				SWIFT_ACTIVE_COMPILATION_CONDITIONS = "DEBUG $(inherited)";
				SWIFT_OPTIMIZATION_LEVEL = "-Onone";
			};
			name = Debug;
		};
		2CE46E132DAE7782008C6FBC /* Release */ = {
			isa = XCBuildConfiguration;
			buildSettings = {
				ALWAYS_SEARCH_USER_PATHS = NO;
				ASSETCATALOG_COMPILER_GENERATE_SWIFT_ASSET_SYMBOL_EXTENSIONS = YES;
				CLANG_ANALYZER_NONNULL = YES;
				CLANG_ANALYZER_NUMBER_OBJECT_CONVERSION = YES_AGGRESSIVE;
				CLANG_CXX_LANGUAGE_STANDARD = "gnu++20";
				CLANG_ENABLE_MODULES = YES;
				CLANG_ENABLE_OBJC_ARC = YES;
				CLANG_ENABLE_OBJC_WEAK = YES;
				CLANG_WARN_BLOCK_CAPTURE_AUTORELEASING = YES;
				CLANG_WARN_BOOL_CONVERSION = YES;
				CLANG_WARN_COMMA = YES;
				CLANG_WARN_CONSTANT_CONVERSION = YES;
				CLANG_WARN_DEPRECATED_OBJC_IMPLEMENTATIONS = YES;
				CLANG_WARN_DIRECT_OBJC_ISA_USAGE = YES_ERROR;
				CLANG_WARN_DOCUMENTATION_COMMENTS = YES;
				CLANG_WARN_EMPTY_BODY = YES;
				CLANG_WARN_ENUM_CONVERSION = YES;
				CLANG_WARN_INFINITE_RECURSION = YES;
				CLANG_WARN_INT_CONVERSION = YES;
				CLANG_WARN_NON_LITERAL_NULL_CONVERSION = YES;
				CLANG_WARN_OBJC_IMPLICIT_RETAIN_SELF = YES;
				CLANG_WARN_OBJC_LITERAL_CONVERSION = YES;
				CLANG_WARN_OBJC_ROOT_CLASS = YES_ERROR;
				CLANG_WARN_QUOTED_INCLUDE_IN_FRAMEWORK_HEADER = YES;
				CLANG_WARN_RANGE_LOOP_ANALYSIS = YES;
				CLANG_WARN_STRICT_PROTOTYPES = YES;
				CLANG_WARN_SUSPICIOUS_MOVE = YES;
				CLANG_WARN_UNGUARDED_AVAILABILITY = YES_AGGRESSIVE;
				CLANG_WARN_UNREACHABLE_CODE = YES;
				CLANG_WARN__DUPLICATE_METHOD_MATCH = YES;
				COPY_PHASE_STRIP = NO;
				DEBUG_INFORMATION_FORMAT = "dwarf-with-dsym";
				DEVELOPMENT_TEAM = VF8R3A969C;
				ENABLE_NS_ASSERTIONS = NO;
				ENABLE_STRICT_OBJC_MSGSEND = YES;
				ENABLE_USER_SCRIPT_SANDBOXING = YES;
				GCC_C_LANGUAGE_STANDARD = gnu17;
				GCC_NO_COMMON_BLOCKS = YES;
				GCC_WARN_64_TO_32_BIT_CONVERSION = YES;
				GCC_WARN_ABOUT_RETURN_TYPE = YES_ERROR;
				GCC_WARN_UNDECLARED_SELECTOR = YES;
				GCC_WARN_UNINITIALIZED_AUTOS = YES_AGGRESSIVE;
				GCC_WARN_UNUSED_FUNCTION = YES;
				GCC_WARN_UNUSED_VARIABLE = YES;
				IPHONEOS_DEPLOYMENT_TARGET = 18.4;
				LOCALIZATION_PREFERS_STRING_CATALOGS = YES;
				MTL_ENABLE_DEBUG_INFO = NO;
				MTL_FAST_MATH = YES;
				SDKROOT = iphoneos;
				SWIFT_COMPILATION_MODE = wholemodule;
				VALIDATE_PRODUCT = YES;
			};
			name = Release;
		};
		2CE46E152DAE7782008C6FBC /* Debug */ = {
			isa = XCBuildConfiguration;
			buildSettings = {
				ASSETCATALOG_COMPILER_APPICON_NAME = AppIcon;
				ASSETCATALOG_COMPILER_GLOBAL_ACCENT_COLOR_NAME = AccentColor;
				CODE_SIGN_ENTITLEMENTS = "Run Mile/Run Mile.entitlements";
				CODE_SIGN_IDENTITY = "Apple Development";
				"CODE_SIGN_IDENTITY[sdk=iphoneos*]" = "iPhone Distribution";
				CODE_SIGN_STYLE = Manual;
				CURRENT_PROJECT_VERSION = 202506182;
				DEVELOPMENT_TEAM = "";
				"DEVELOPMENT_TEAM[sdk=iphoneos*]" = VF8R3A969C;
				ENABLE_PREVIEWS = YES;
				GENERATE_INFOPLIST_FILE = YES;
				INFOPLIST_FILE = "Run-Mile-Info.plist";
				INFOPLIST_KEY_CFBundleDisplayName = "Run Mile";
				INFOPLIST_KEY_LSApplicationCategoryType = "public.app-category.healthcare-fitness";
				INFOPLIST_KEY_NSCameraUsageDescription = "카메라를 통해 바로 촬영한 이미지를 앱의 신발 이미지로 등록하기 위해선 사용자의 허락이 필요합니다!";
				INFOPLIST_KEY_NSHealthShareUsageDescription = "앱에서 운동 기록을 가져오기 위해서는 사용자의 허락이 필요합니다!";
				INFOPLIST_KEY_NSHealthUpdateUsageDescription = "앱에서 운동 기록을 가져오기 위해서는 사용자의 허락이 필요합니다!";
				INFOPLIST_KEY_UIApplicationSceneManifest_Generation = YES;
				INFOPLIST_KEY_UIApplicationSupportsIndirectInputEvents = YES;
				INFOPLIST_KEY_UILaunchScreen_Generation = YES;
				INFOPLIST_KEY_UIStatusBarStyle = UIStatusBarStyleDarkContent;
				INFOPLIST_KEY_UISupportedInterfaceOrientations = "UIInterfaceOrientationPortrait UIInterfaceOrientationPortraitUpsideDown";
				INFOPLIST_KEY_UISupportedInterfaceOrientations_iPad = "UIInterfaceOrientationLandscapeLeft UIInterfaceOrientationLandscapeRight UIInterfaceOrientationPortrait UIInterfaceOrientationPortraitUpsideDown";
				INFOPLIST_KEY_UIUserInterfaceStyle = Dark;
				IPHONEOS_DEPLOYMENT_TARGET = 17.0;
				LD_RUNPATH_SEARCH_PATHS = (
					"$(inherited)",
					"@executable_path/Frameworks",
				);
				MARKETING_VERSION = 1.0.1;
				PRODUCT_BUNDLE_IDENTIFIER = "com.mooni.Run-Mile";
				PRODUCT_NAME = "$(TARGET_NAME)";
				PROVISIONING_PROFILE_SPECIFIER = "";
				"PROVISIONING_PROFILE_SPECIFIER[sdk=iphoneos*]" = "match AppStore com.mooni.Run-Mile";
				SUPPORTED_PLATFORMS = "iphoneos iphonesimulator";
				SUPPORTS_MACCATALYST = NO;
				SUPPORTS_MAC_DESIGNED_FOR_IPHONE_IPAD = NO;
				SUPPORTS_XR_DESIGNED_FOR_IPHONE_IPAD = NO;
				SWIFT_EMIT_LOC_STRINGS = YES;
				SWIFT_VERSION = 5.0;
				TARGETED_DEVICE_FAMILY = 1;
			};
			name = Debug;
		};
		2CE46E162DAE7782008C6FBC /* Release */ = {
			isa = XCBuildConfiguration;
			buildSettings = {
				ASSETCATALOG_COMPILER_APPICON_NAME = AppIcon;
				ASSETCATALOG_COMPILER_GLOBAL_ACCENT_COLOR_NAME = AccentColor;
				CODE_SIGN_ENTITLEMENTS = "Run Mile/Run Mile.entitlements";
				CODE_SIGN_IDENTITY = "Apple Development";
				"CODE_SIGN_IDENTITY[sdk=iphoneos*]" = "iPhone Distribution";
				CODE_SIGN_STYLE = Manual;
				CURRENT_PROJECT_VERSION = 202506182;
				DEVELOPMENT_TEAM = "";
				"DEVELOPMENT_TEAM[sdk=iphoneos*]" = VF8R3A969C;
				ENABLE_PREVIEWS = YES;
				GENERATE_INFOPLIST_FILE = YES;
				INFOPLIST_FILE = "Run-Mile-Info.plist";
				INFOPLIST_KEY_CFBundleDisplayName = "Run Mile";
				INFOPLIST_KEY_LSApplicationCategoryType = "public.app-category.healthcare-fitness";
				INFOPLIST_KEY_NSCameraUsageDescription = "카메라를 통해 바로 촬영한 이미지를 앱의 신발 이미지로 등록하기 위해선 사용자의 허락이 필요합니다!";
				INFOPLIST_KEY_NSHealthShareUsageDescription = "앱에서 운동 기록을 가져오기 위해서는 사용자의 허락이 필요합니다!";
				INFOPLIST_KEY_NSHealthUpdateUsageDescription = "앱에서 운동 기록을 가져오기 위해서는 사용자의 허락이 필요합니다!";
				INFOPLIST_KEY_UIApplicationSceneManifest_Generation = YES;
				INFOPLIST_KEY_UIApplicationSupportsIndirectInputEvents = YES;
				INFOPLIST_KEY_UILaunchScreen_Generation = YES;
				INFOPLIST_KEY_UIStatusBarStyle = UIStatusBarStyleDarkContent;
				INFOPLIST_KEY_UISupportedInterfaceOrientations = "UIInterfaceOrientationPortrait UIInterfaceOrientationPortraitUpsideDown";
				INFOPLIST_KEY_UISupportedInterfaceOrientations_iPad = "UIInterfaceOrientationLandscapeLeft UIInterfaceOrientationLandscapeRight UIInterfaceOrientationPortrait UIInterfaceOrientationPortraitUpsideDown";
				INFOPLIST_KEY_UIUserInterfaceStyle = Dark;
				IPHONEOS_DEPLOYMENT_TARGET = 17.0;
				LD_RUNPATH_SEARCH_PATHS = (
					"$(inherited)",
					"@executable_path/Frameworks",
				);
				MARKETING_VERSION = 1.0.1;
				PRODUCT_BUNDLE_IDENTIFIER = "com.mooni.Run-Mile";
				PRODUCT_NAME = "$(TARGET_NAME)";
				PROVISIONING_PROFILE_SPECIFIER = "";
				"PROVISIONING_PROFILE_SPECIFIER[sdk=iphoneos*]" = "match AppStore com.mooni.Run-Mile";
				SUPPORTED_PLATFORMS = "iphoneos iphonesimulator";
				SUPPORTS_MACCATALYST = NO;
				SUPPORTS_MAC_DESIGNED_FOR_IPHONE_IPAD = NO;
				SUPPORTS_XR_DESIGNED_FOR_IPHONE_IPAD = NO;
				SWIFT_EMIT_LOC_STRINGS = YES;
				SWIFT_VERSION = 5.0;
				TARGETED_DEVICE_FAMILY = 1;
			};
			name = Release;
		};
		2CE46E182DAE7782008C6FBC /* Debug */ = {
			isa = XCBuildConfiguration;
			buildSettings = {
				BUNDLE_LOADER = "$(TEST_HOST)";
				CODE_SIGN_STYLE = Automatic;
				CURRENT_PROJECT_VERSION = 202506182;
				DEVELOPMENT_TEAM = VF8R3A969C;
				GENERATE_INFOPLIST_FILE = YES;
				IPHONEOS_DEPLOYMENT_TARGET = 18.4;
				MARKETING_VERSION = 1.0;
				PRODUCT_BUNDLE_IDENTIFIER = "com.mooni.Run-MileTests";
				PRODUCT_NAME = "$(TARGET_NAME)";
				SWIFT_EMIT_LOC_STRINGS = NO;
				SWIFT_VERSION = 5.0;
				TARGETED_DEVICE_FAMILY = "1,2";
				TEST_HOST = "$(BUILT_PRODUCTS_DIR)/Run Mile.app/$(BUNDLE_EXECUTABLE_FOLDER_PATH)/Run Mile";
			};
			name = Debug;
		};
		2CE46E192DAE7782008C6FBC /* Release */ = {
			isa = XCBuildConfiguration;
			buildSettings = {
				BUNDLE_LOADER = "$(TEST_HOST)";
				CODE_SIGN_STYLE = Automatic;
				CURRENT_PROJECT_VERSION = 202506182;
				DEVELOPMENT_TEAM = VF8R3A969C;
				GENERATE_INFOPLIST_FILE = YES;
				IPHONEOS_DEPLOYMENT_TARGET = 18.4;
				MARKETING_VERSION = 1.0;
				PRODUCT_BUNDLE_IDENTIFIER = "com.mooni.Run-MileTests";
				PRODUCT_NAME = "$(TARGET_NAME)";
				SWIFT_EMIT_LOC_STRINGS = NO;
				SWIFT_VERSION = 5.0;
				TARGETED_DEVICE_FAMILY = "1,2";
				TEST_HOST = "$(BUILT_PRODUCTS_DIR)/Run Mile.app/$(BUNDLE_EXECUTABLE_FOLDER_PATH)/Run Mile";
			};
			name = Release;
		};
		2CE46E1B2DAE7782008C6FBC /* Debug */ = {
			isa = XCBuildConfiguration;
			buildSettings = {
				CODE_SIGN_STYLE = Automatic;
				CURRENT_PROJECT_VERSION = 202506182;
				DEVELOPMENT_TEAM = VF8R3A969C;
				GENERATE_INFOPLIST_FILE = YES;
				MARKETING_VERSION = 1.0;
				PRODUCT_BUNDLE_IDENTIFIER = "com.mooni.Run-MileUITests";
				PRODUCT_NAME = "$(TARGET_NAME)";
				SWIFT_EMIT_LOC_STRINGS = NO;
				SWIFT_VERSION = 5.0;
				TARGETED_DEVICE_FAMILY = "1,2";
				TEST_TARGET_NAME = "Run Mile";
			};
			name = Debug;
		};
		2CE46E1C2DAE7782008C6FBC /* Release */ = {
			isa = XCBuildConfiguration;
			buildSettings = {
				CODE_SIGN_STYLE = Automatic;
				CURRENT_PROJECT_VERSION = 202506182;
				DEVELOPMENT_TEAM = VF8R3A969C;
				GENERATE_INFOPLIST_FILE = YES;
				MARKETING_VERSION = 1.0;
				PRODUCT_BUNDLE_IDENTIFIER = "com.mooni.Run-MileUITests";
				PRODUCT_NAME = "$(TARGET_NAME)";
				SWIFT_EMIT_LOC_STRINGS = NO;
				SWIFT_VERSION = 5.0;
				TARGETED_DEVICE_FAMILY = "1,2";
				TEST_TARGET_NAME = "Run Mile";
			};
			name = Release;
		};
/* End XCBuildConfiguration section */

/* Begin XCConfigurationList section */
		2CE46DEE2DAE7780008C6FBC /* Build configuration list for PBXProject "Run Mile" */ = {
			isa = XCConfigurationList;
			buildConfigurations = (
				2CE46E122DAE7782008C6FBC /* Debug */,
				2CE46E132DAE7782008C6FBC /* Release */,
			);
			defaultConfigurationIsVisible = 0;
			defaultConfigurationName = Release;
		};
		2CE46E142DAE7782008C6FBC /* Build configuration list for PBXNativeTarget "Run Mile" */ = {
			isa = XCConfigurationList;
			buildConfigurations = (
				2CE46E152DAE7782008C6FBC /* Debug */,
				2CE46E162DAE7782008C6FBC /* Release */,
			);
			defaultConfigurationIsVisible = 0;
			defaultConfigurationName = Release;
		};
		2CE46E172DAE7782008C6FBC /* Build configuration list for PBXNativeTarget "Run MileTests" */ = {
			isa = XCConfigurationList;
			buildConfigurations = (
				2CE46E182DAE7782008C6FBC /* Debug */,
				2CE46E192DAE7782008C6FBC /* Release */,
			);
			defaultConfigurationIsVisible = 0;
			defaultConfigurationName = Release;
		};
		2CE46E1A2DAE7782008C6FBC /* Build configuration list for PBXNativeTarget "Run MileUITests" */ = {
			isa = XCConfigurationList;
			buildConfigurations = (
				2CE46E1B2DAE7782008C6FBC /* Debug */,
				2CE46E1C2DAE7782008C6FBC /* Release */,
			);
			defaultConfigurationIsVisible = 0;
			defaultConfigurationName = Release;
		};
/* End XCConfigurationList section */

/* Begin XCRemoteSwiftPackageReference section */
		2C079FBD2DB2505700B1EE0D /* XCRemoteSwiftPackageReference "realm-swift" */ = {
			isa = XCRemoteSwiftPackageReference;
			repositoryURL = "https://github.com/realm/realm-swift.git";
			requirement = {
				kind = exactVersion;
				version = 10.54.5;
			};
		};
/* End XCRemoteSwiftPackageReference section */

/* Begin XCSwiftPackageProductDependency section */
		2C079FBE2DB2505700B1EE0D /* RealmSwift */ = {
			isa = XCSwiftPackageProductDependency;
			package = 2C079FBD2DB2505700B1EE0D /* XCRemoteSwiftPackageReference "realm-swift" */;
			productName = RealmSwift;
		};
/* End XCSwiftPackageProductDependency section */
	};
	rootObject = 2CE46DEB2DAE7780008C6FBC /* Project object */;
}
